
Microsoft Visual Studio Solution File, Format Version 12.00
# Visual Studio Version 17
VisualStudioVersion = 17.11.35327.3
MinimumVisualStudioVersion = 10.0.40219.1
Project("{FAE04EC0-301F-11D3-BF4B-00C04F79EFBC}") = "High score", "High score\High score.csproj", "{A6C4A0FD-5550-4874-80A6-7AD1C5A4EA8C}"
EndProject
Global
	GlobalSection(SolutionConfigurationPlatforms) = preSolution
		Debug|Any CPU = Debug|Any CPU
		Release|Any CPU = Release|Any CPU
	EndGlobalSection
	GlobalSection(ProjectConfigurationPlatforms) = postSolution
		{A6C4A0FD-5550-4874-80A6-7AD1C5A4EA8C}.Debug|Any CPU.ActiveCfg = Debug|Any CPU
		{A6C4A0FD-5550-4874-80A6-7AD1C5A4EA8C}.Debug|Any CPU.Build.0 = Debug|Any CPU
		{A6C4A0FD-5550-4874-80A6-7AD1C5A4EA8C}.Release|Any CPU.ActiveCfg = Release|Any CPU
		{A6C4A0FD-5550-4874-80A6-7AD1C5A4EA8C}.Release|Any CPU.Build.0 = Release|Any CPU
	EndGlobalSection
	GlobalSection(SolutionProperties) = preSolution
		HideSolutionNode = FALSE
	EndGlobalSection
	GlobalSection(ExtensibilityGlobals) = postSolution
		SolutionGuid = {40F7B656-89E2-4519-BD8B-32705A6AE5A0}
	EndGlobalSection
EndGlobal
