
Microsoft Visual Studio Solution File, Format Version 12.00
# Visual Studio Version 17
VisualStudioVersion = 17.11.35327.3
MinimumVisualStudioVersion = 10.0.40219.1
Project("{FAE04EC0-301F-11D3-BF4B-00C04F79EFBC}") = "Throwing Exceptions Project", "Throwing Exceptions Project\Throwing Exceptions Project.csproj", "{2AD857A4-16C0-44B6-8EE9-7FC57F7F6D9B}"
EndProject
Global
	GlobalSection(SolutionConfigurationPlatforms) = preSolution
		Debug|Any CPU = Debug|Any CPU
		Release|Any CPU = Release|Any CPU
	EndGlobalSection
	GlobalSection(ProjectConfigurationPlatforms) = postSolution
		{2AD857A4-16C0-44B6-8EE9-7FC57F7F6D9B}.Debug|Any CPU.ActiveCfg = Debug|Any CPU
		{2AD857A4-16C0-44B6-8EE9-7FC57F7F6D9B}.Debug|Any CPU.Build.0 = Debug|Any CPU
		{2AD857A4-16C0-44B6-8EE9-7FC57F7F6D9B}.Release|Any CPU.ActiveCfg = Release|Any CPU
		{2AD857A4-16C0-44B6-8EE9-7FC57F7F6D9B}.Release|Any CPU.Build.0 = Release|Any CPU
	EndGlobalSection
	GlobalSection(SolutionProperties) = preSolution
		HideSolutionNode = FALSE
	EndGlobalSection
	GlobalSection(ExtensibilityGlobals) = postSolution
		SolutionGuid = {BE473D6B-FC0F-4FB5-9171-688399248A63}
	EndGlobalSection
EndGlobal
